
Microsoft Visual Studio Solution File, Format Version 12.00
# Visual Studio Version 16
VisualStudioVersion = 16.0.31129.286
MinimumVisualStudioVersion = 10.0.40219.1
Project("{FAE04EC0-301F-11D3-BF4B-00C04F79EFBC}") = "gdcp.App", "gdcp.App\gdcp.App.csproj", "{44465FC9-0601-4CA7-9295-690007AF98EB}"
EndProject
Project("{FAE04EC0-301F-11D3-BF4B-00C04F79EFBC}") = "gdcp.Data", "gdcp.Data\gdcp.Data.csproj", "{EFC07D67-5D2D-409A-8F70-8846D2202FAA}"
EndProject
Project("{FAE04EC0-301F-11D3-BF4B-00C04F79EFBC}") = "gdcp.Service", "gdcp.Service\gdcp.Service.csproj", "{0BBD7AA1-45AF-40B5-B83A-496398CA6562}"
EndProject
Global
	GlobalSection(SolutionConfigurationPlatforms) = preSolution
		Debug|Any CPU = Debug|Any CPU
		Release|Any CPU = Release|Any CPU
	EndGlobalSection
	GlobalSection(ProjectConfigurationPlatforms) = postSolution
		{44465FC9-0601-4CA7-9295-690007AF98EB}.Debug|Any CPU.ActiveCfg = Debug|Any CPU
		{44465FC9-0601-4CA7-9295-690007AF98EB}.Debug|Any CPU.Build.0 = Debug|Any CPU
		{44465FC9-0601-4CA7-9295-690007AF98EB}.Release|Any CPU.ActiveCfg = Release|Any CPU
		{44465FC9-0601-4CA7-9295-690007AF98EB}.Release|Any CPU.Build.0 = Release|Any CPU
		{EFC07D67-5D2D-409A-8F70-8846D2202FAA}.Debug|Any CPU.ActiveCfg = Debug|Any CPU
		{EFC07D67-5D2D-409A-8F70-8846D2202FAA}.Debug|Any CPU.Build.0 = Debug|Any CPU
		{EFC07D67-5D2D-409A-8F70-8846D2202FAA}.Release|Any CPU.ActiveCfg = Release|Any CPU
		{EFC07D67-5D2D-409A-8F70-8846D2202FAA}.Release|Any CPU.Build.0 = Release|Any CPU
		{0BBD7AA1-45AF-40B5-B83A-496398CA6562}.Debug|Any CPU.ActiveCfg = Debug|Any CPU
		{0BBD7AA1-45AF-40B5-B83A-496398CA6562}.Debug|Any CPU.Build.0 = Debug|Any CPU
		{0BBD7AA1-45AF-40B5-B83A-496398CA6562}.Release|Any CPU.ActiveCfg = Release|Any CPU
		{0BBD7AA1-45AF-40B5-B83A-496398CA6562}.Release|Any CPU.Build.0 = Release|Any CPU
	EndGlobalSection
	GlobalSection(SolutionProperties) = preSolution
		HideSolutionNode = FALSE
	EndGlobalSection
	GlobalSection(ExtensibilityGlobals) = postSolution
		SolutionGuid = {17E0F6F2-55D8-4556-A3EC-ACEB9C1FE514}
	EndGlobalSection
EndGlobal
